
Microsoft Visual Studio Solution File, Format Version 12.00
# Visual Studio Version 16
VisualStudioVersion = 16.0.29613.14
MinimumVisualStudioVersion = 10.0.40219.1
Project("{FAE04EC0-301F-11D3-BF4B-00C04F79EFBC}") = "AspNetCoreProject.Web", "AspNetCoreProject.Web\AspNetCoreProject.Web.csproj", "{C6D00098-666C-4C88-BFAF-9A15104AA204}"
EndProject
Global
	GlobalSection(SolutionConfigurationPlatforms) = preSolution
		Debug|Any CPU = Debug|Any CPU
		Release|Any CPU = Release|Any CPU
	EndGlobalSection
	GlobalSection(ProjectConfigurationPlatforms) = postSolution
		{C6D00098-666C-4C88-BFAF-9A15104AA204}.Debug|Any CPU.ActiveCfg = Debug|Any CPU
		{C6D00098-666C-4C88-BFAF-9A15104AA204}.Debug|Any CPU.Build.0 = Debug|Any CPU
		{C6D00098-666C-4C88-BFAF-9A15104AA204}.Release|Any CPU.ActiveCfg = Release|Any CPU
		{C6D00098-666C-4C88-BFAF-9A15104AA204}.Release|Any CPU.Build.0 = Release|Any CPU
	EndGlobalSection
	GlobalSection(SolutionProperties) = preSolution
		HideSolutionNode = FALSE
	EndGlobalSection
	GlobalSection(ExtensibilityGlobals) = postSolution
		SolutionGuid = {B31669D6-8C28-44D4-84AF-B2CC6DE9E6AD}
	EndGlobalSection
EndGlobal
